// !$*UTF8*$!
{
	archiveVersion = 1;
	classes = {
	};
	objectVersion = 46;
	objects = {

/* Begin PBXBuildFile section */
		3A072D2E1C896464005CCBED /* AppDelegate.swift in Sources */ = {isa = PBXBuildFile; fileRef = 3A072D2D1C896464005CCBED /* AppDelegate.swift */; };
		3A072D301C896464005CCBED /* ViewController.swift in Sources */ = {isa = PBXBuildFile; fileRef = 3A072D2F1C896464005CCBED /* ViewController.swift */; };
		3A072D331C896464005CCBED /* Main.storyboard in Resources */ = {isa = PBXBuildFile; fileRef = 3A072D311C896464005CCBED /* Main.storyboard */; };
		3A072D351C896464005CCBED /* Assets.xcassets in Resources */ = {isa = PBXBuildFile; fileRef = 3A072D341C896464005CCBED /* Assets.xcassets */; };
		3A072D381C896464005CCBED /* LaunchScreen.storyboard in Resources */ = {isa = PBXBuildFile; fileRef = 3A072D361C896464005CCBED /* LaunchScreen.storyboard */; };
/* End PBXBuildFile section */

/* Begin PBXFileReference section */
		3A072D2A1C896464005CCBED /* AspectsDemo.app */ = {isa = PBXFileReference; explicitFileType = wrapper.application; includeInIndex = 0; path = AspectsDemo.app; sourceTree = BUILT_PRODUCTS_DIR; };
		3A072D2D1C896464005CCBED /* AppDelegate.swift */ = {isa = PBXFileReference; lastKnownFileType = sourcecode.swift; path = AppDelegate.swift; sourceTree = "<group>"; };
		3A072D2F1C896464005CCBED /* ViewController.swift */ = {isa = PBXFileReference; lastKnownFileType = sourcecode.swift; path = ViewController.swift; sourceTree = "<group>"; };
		3A072D321C896464005CCBED /* Base */ = {isa = PBXFileReference; lastKnownFileType = file.storyboard; name = Base; path = Base.lproj/Main.storyboard; sourceTree = "<group>"; };
		3A072D341C896464005CCBED /* Assets.xcassets */ = {isa = PBXFileReference; lastKnownFileType = folder.assetcatalog; path = Assets.xcassets; sourceTree = "<group>"; };
		3A072D371C896464005CCBED /* Base */ = {isa = PBXFileReference; lastKnownFileType = file.storyboard; name = Base; path = Base.lproj/LaunchScreen.storyboard; sourceTree = "<group>"; };
		3A072D391C896464005CCBED /* Info.plist */ = {isa = PBXFileReference; lastKnownFileType = text.plist.xml; path = Info.plist; sourceTree = "<group>"; };
/* End PBXFileReference section */

/* Begin PBXFrameworksBuildPhase section */
		3A072D271C896464005CCBED /* Frameworks */ = {
			isa = PBXFrameworksBuildPhase;
			buildActionMask = 2147483647;
			files = (
			);
			runOnlyForDeploymentPostprocessing = 0;
		};
/* End PBXFrameworksBuildPhase section */

/* Begin PBXGroup section */
		3A072D211C896464005CCBED = {
			isa = PBXGroup;
			children = (
				3A072D2C1C896464005CCBED /* AspectsDemo */,
				3A072D2B1C896464005CCBED /* Products */,
			);
			sourceTree = "<group>";
		};
		3A072D2B1C896464005CCBED /* Products */ = {
			isa = PBXGroup;
			children = (
				3A072D2A1C896464005CCBED /* AspectsDemo.app */,
			);
			name = Products;
			sourceTree = "<group>";
		};
		3A072D2C1C896464005CCBED /* AspectsDemo */ = {
			isa = PBXGroup;
			children = (
				3A072D2D1C896464005CCBED /* AppDelegate.swift */,
				3A072D2F1C896464005CCBED /* ViewController.swift */,
				3A072D311C896464005CCBED /* Main.storyboard */,
				3A072D341C896464005CCBED /* Assets.xcassets */,
				3A072D361C896464005CCBED /* LaunchScreen.storyboard */,
				3A072D391C896464005CCBED /* Info.plist */,
			);
			path = AspectsDemo;
			sourceTree = "<group>";
		};
/* End PBXGroup section */

/* Begin PBXNativeTarget section */
		3A072D291C896464005CCBED /* AspectsDemo */ = {
			isa = PBXNativeTarget;
			buildConfigurationList = 3A072D3C1C896464005CCBED /* Build configuration list for PBXNativeTarget "AspectsDemo" */;
			buildPhases = (
				3A072D261C896464005CCBED /* Sources */,
				3A072D271C896464005CCBED /* Frameworks */,
				3A072D281C896464005CCBED /* Resources */,
			);
			buildRules = (
			);
			dependencies = (
			);
			name = AspectsDemo;
			productName = AspectsDemo;
			productReference = 3A072D2A1C896464005CCBED /* AspectsDemo.app */;
			productType = "com.apple.product-type.application";
		};
/* End PBXNativeTarget section */

/* Begin PBXProject section */
		3A072D221C896464005CCBED /* Project object */ = {
			isa = PBXProject;
			attributes = {
				LastSwiftUpdateCheck = 0720;
				LastUpgradeCheck = 0720;
				ORGANIZATIONNAME = com.shawn;
				TargetAttributes = {
					3A072D291C896464005CCBED = {
						CreatedOnToolsVersion = 7.2.1;
					};
				};
			};
			buildConfigurationList = 3A072D251C896464005CCBED /* Build configuration list for PBXProject "AspectsDemo" */;
			compatibilityVersion = "Xcode 3.2";
			developmentRegion = English;
			hasScannedForEncodings = 0;
			knownRegions = (
				en,
				Base,
			);
			mainGroup = 3A072D211C896464005CCBED;
			productRefGroup = 3A072D2B1C896464005CCBED /* Products */;
			projectDirPath = "";
			projectRoot = "";
			targets = (
				3A072D291C896464005CCBED /* AspectsDemo */,
			);
		};
/* End PBXProject section */

/* Begin PBXResourcesBuildPhase section */
		3A072D281C896464005CCBED /* Resources */ = {
			isa = PBXResourcesBuildPhase;
			buildActionMask = 2147483647;
			files = (
				3A072D381C896464005CCBED /* LaunchScreen.storyboard in Resources */,
				3A072D351C896464005CCBED /* Assets.xcassets in Resources */,
				3A072D331C896464005CCBED /* Main.storyboard in Resources */,
			);
			runOnlyForDeploymentPostprocessing = 0;
		};
/* End PBXResourcesBuildPhase section */

/* Begin PBXSourcesBuildPhase section */
		3A072D261C896464005CCBED /* Sources */ = {
			isa = PBXSourcesBuildPhase;
			buildActionMask = 2147483647;
			files = (
				3A072D301C896464005CCBED /* ViewController.swift in Sources */,
				3A072D2E1C896464005CCBED /* AppDelegate.swift in Sources */,
			);
			runOnlyForDeploymentPostprocessing = 0;
		};
/* End PBXSourcesBuildPhase section */

/* Begin PBXVariantGroup section */
		3A072D311C896464005CCBED /* Main.storyboard */ = {
			isa = PBXVariantGroup;
			children = (
				3A072D321C896464005CCBED /* Base */,
			);
			name = Main.storyboard;
			sourceTree = "<group>";
		};
		3A072D361C896464005CCBED /* LaunchScreen.storyboard */ = {
			isa = PBXVariantGroup;
			children = (
				3A072D371C896464005CCBED /* Base */,
			);
			name = LaunchScreen.storyboard;
			sourceTree = "<group>";
		};
/* End PBXVariantGroup section */

/* Begin XCBuildConfiguration section */
		3A072D3A1C896464005CCBED /* Debug */ = {
			isa = XCBuildConfiguration;
			buildSettings = {
				ALWAYS_SEARCH_USER_PATHS = NO;
				CLANG_CXX_LANGUAGE_STANDARD = "gnu++0x";
				CLANG_CXX_LIBRARY = "libc++";
				CLANG_ENABLE_MODULES = YES;
				CLANG_ENABLE_OBJC_ARC = YES;
				CLANG_WARN_BOOL_CONVERSION = YES;
				CLANG_WARN_CONSTANT_CONVERSION = YES;
				CLANG_WARN_DIRECT_OBJC_ISA_USAGE = YES_ERROR;
				CLANG_WARN_EMPTY_BODY = YES;
				CLANG_WARN_ENUM_CONVERSION = YES;
				CLANG_WARN_INT_CONVERSION = YES;
				CLANG_WARN_OBJC_ROOT_CLASS = YES_ERROR;
				CLANG_WARN_UNREACHABLE_CODE = YES;
				CLANG_WARN__DUPLICATE_METHOD_MATCH = YES;
				"CODE_SIGN_IDENTITY[sdk=iphoneos*]" = "iPhone Developer";
				COPY_PHASE_STRIP = NO;
				DEBUG_INFORMATION_FORMAT = dwarf;
				ENABLE_STRICT_OBJC_MSGSEND = YES;
				ENABLE_TESTABILITY = YES;
				GCC_C_LANGUAGE_STANDARD = gnu99;
				GCC_DYNAMIC_NO_PIC = NO;
				GCC_NO_COMMON_BLOCKS = YES;
				GCC_OPTIMIZATION_LEVEL = 0;
				GCC_PREPROCESSOR_DEFINITIONS = (
					"DEBUG=1",
					"$(inherited)",
				);
				GCC_WARN_64_TO_32_BIT_CONVERSION = YES;
				GCC_WARN_ABOUT_RETURN_TYPE = YES_ERROR;
				GCC_WARN_UNDECLARED_SELECTOR = YES;
				GCC_WARN_UNINITIALIZED_AUTOS = YES_AGGRESSIVE;
				GCC_WARN_UNUSED_FUNCTION = YES;
				GCC_WARN_UNUSED_VARIABLE = YES;
				IPHONEOS_DEPLOYMENT_TARGET = 9.2;
				MTL_ENABLE_DEBUG_INFO = YES;
				ONLY_ACTIVE_ARCH = YES;
				SDKROOT = iphoneos;
				SWIFT_OPTIMIZATION_LEVEL = "-Onone";
			};
			name = Debug;
		};
		3A072D3B1C896464005CCBED /* Release */ = {
			isa = XCBuildConfiguration;
			buildSettings = {
				ALWAYS_SEARCH_USER_PATHS = NO;
				CLANG_CXX_LANGUAGE_STANDARD = "gnu++0x";
				CLANG_CXX_LIBRARY = "libc++";
				CLANG_ENABLE_MODULES = YES;
				CLANG_ENABLE_OBJC_ARC = YES;
				CLANG_WARN_BOOL_CONVERSION = YES;
				CLANG_WARN_CONSTANT_CONVERSION = YES;
				CLANG_WARN_DIRECT_OBJC_ISA_USAGE = YES_ERROR;
				CLANG_WARN_EMPTY_BODY = YES;
				CLANG_WARN_ENUM_CONVERSION = YES;
				CLANG_WARN_INT_CONVERSION = YES;
				CLANG_WARN_OBJC_ROOT_CLASS = YES_ERROR;
				CLANG_WARN_UNREACHABLE_CODE = YES;
				CLANG_WARN__DUPLICATE_METHOD_MATCH = YES;
				"CODE_SIGN_IDENTITY[sdk=iphoneos*]" = "iPhone Developer";
				COPY_PHASE_STRIP = NO;
				DEBUG_INFORMATION_FORMAT = "dwarf-with-dsym";
				ENABLE_NS_ASSERTIONS = NO;
				ENABLE_STRICT_OBJC_MSGSEND = YES;
				GCC_C_LANGUAGE_STANDARD = gnu99;
				GCC_NO_COMMON_BLOCKS = YES;
				GCC_WARN_64_TO_32_BIT_CONVERSION = YES;
				GCC_WARN_ABOUT_RETURN_TYPE = YES_ERROR;
				GCC_WARN_UNDECLARED_SELECTOR = YES;
				GCC_WARN_UNINITIALIZED_AUTOS = YES_AGGRESSIVE;
				GCC_WARN_UNUSED_FUNCTION = YES;
				GCC_WARN_UNUSED_VARIABLE = YES;
				IPHONEOS_DEPLOYMENT_TARGET = 9.2;
				MTL_ENABLE_DEBUG_INFO = NO;
				SDKROOT = iphoneos;
				VALIDATE_PRODUCT = YES;
			};
			name = Release;
		};
		3A072D3D1C896464005CCBED /* Debug */ = {
			isa = XCBuildConfiguration;
			buildSettings = {
				ASSETCATALOG_COMPILER_APPICON_NAME = AppIcon;
				INFOPLIST_FILE = AspectsDemo/Info.plist;
				LD_RUNPATH_SEARCH_PATHS = "$(inherited) @executable_path/Frameworks";
				PRODUCT_BUNDLE_IDENTIFIER = SH.AspectsDemo;
				PRODUCT_NAME = "$(TARGET_NAME)";
			};
			name = Debug;
		};
		3A072D3E1C896464005CCBED /* Release */ = {
			isa = XCBuildConfiguration;
			buildSettings = {
				ASSETCATALOG_COMPILER_APPICON_NAME = AppIcon;
				INFOPLIST_FILE = AspectsDemo/Info.plist;
				LD_RUNPATH_SEARCH_PATHS = "$(inherited) @executable_path/Frameworks";
				PRODUCT_BUNDLE_IDENTIFIER = SH.AspectsDemo;
				PRODUCT_NAME = "$(TARGET_NAME)";
			};
			name = Release;
		};
/* End XCBuildConfiguration section */

/* Begin XCConfigurationList section */
		3A072D251C896464005CCBED /* Build configuration list for PBXProject "AspectsDemo" */ = {
			isa = XCConfigurationList;
			buildConfigurations = (
				3A072D3A1C896464005CCBED /* Debug */,
				3A072D3B1C896464005CCBED /* Release */,
			);
			defaultConfigurationIsVisible = 0;
			defaultConfigurationName = Release;
		};
		3A072D3C1C896464005CCBED /* Build configuration list for PBXNativeTarget "AspectsDemo" */ = {
			isa = XCConfigurationList;
			buildConfigurations = (
				3A072D3D1C896464005CCBED /* Debug */,
				3A072D3E1C896464005CCBED /* Release */,
			);
			defaultConfigurationIsVisible = 0;
		};
/* End XCConfigurationList section */
	};
	rootObject = 3A072D221C896464005CCBED /* Project object */;
}
